<Solution>
  <Project Path="Assembly-CSharp.csproj" />
  <Project Path="Unity.ShaderGraph.Editor.csproj" />
  <Project Path="Unity.RenderPipelines.Core.Samples.Runtime.csproj" />
  <Project Path="Unity.UI.Shaders.Sample.Editor.csproj" />
  <Project Path="Unity.XR.Interaction.Toolkit.Samples.StarterAssets.csproj" />
  <Project Path="Unity.UI.Shaders.Sample.csproj" />
  <Project Path="Unity.XR.Interaction.Toolkit.Samples.StarterAssets.Editor.csproj" />
  <Project Path="Unity.RenderPipelines.Core.Samples.Editor.csproj" />
  <Project Path="Assembly-CSharp-Editor.csproj" />
</Solution>
